// !$*UTF8*$!
{
	archiveVersion = 1;
	classes = {
	};
	objectVersion = 55;
	objects = {

/* Begin PBXBuildFile section */
		4B2F20E7284C23E90092F677 /* CashFlowApp.swift in Sources */ = {isa = PBXBuildFile; fileRef = 4B2F20E6284C23E90092F677 /* CashFlowApp.swift */; };
		4B2F20E9284C23E90092F677 /* HomeView.swift in Sources */ = {isa = PBXBuildFile; fileRef = 4B2F20E8284C23E90092F677 /* HomeView.swift */; };
		4B2F20EB284C23EA0092F677 /* Assets.xcassets in Resources */ = {isa = PBXBuildFile; fileRef = 4B2F20EA284C23EA0092F677 /* Assets.xcassets */; };
		4B2F20EE284C23EA0092F677 /* Preview Assets.xcassets in Resources */ = {isa = PBXBuildFile; fileRef = 4B2F20ED284C23EA0092F677 /* Preview Assets.xcassets */; };
		4B2F20F8284C23EA0092F677 /* CashFlowTests.swift in Sources */ = {isa = PBXBuildFile; fileRef = 4B2F20F7284C23EA0092F677 /* CashFlowTests.swift */; };
		4B2F2102284C23EB0092F677 /* CashFlowUITests.swift in Sources */ = {isa = PBXBuildFile; fileRef = 4B2F2101284C23EB0092F677 /* CashFlowUITests.swift */; };
		4B2F2104284C23EB0092F677 /* CashFlowUITestsLaunchTests.swift in Sources */ = {isa = PBXBuildFile; fileRef = 4B2F2103284C23EB0092F677 /* CashFlowUITestsLaunchTests.swift */; };
		4B2F2114284C295F0092F677 /* VisualizedIncomeView.swift in Sources */ = {isa = PBXBuildFile; fileRef = 4B2F2113284C295F0092F677 /* VisualizedIncomeView.swift */; };
		4B2F2116284C2D9F0092F677 /* BudgetInformation.swift in Sources */ = {isa = PBXBuildFile; fileRef = 4B2F2115284C2D9F0092F677 /* BudgetInformation.swift */; };
		4B2F2118284C2E250092F677 /* Expense.swift in Sources */ = {isa = PBXBuildFile; fileRef = 4B2F2117284C2E250092F677 /* Expense.swift */; };
		4B486997284DA37E0082818F /* ExpensesView.swift in Sources */ = {isa = PBXBuildFile; fileRef = 4B486996284DA37E0082818F /* ExpensesView.swift */; };
		4B486999284DA48F0082818F /* ExpensesEditView.swift in Sources */ = {isa = PBXBuildFile; fileRef = 4B486998284DA48F0082818F /* ExpensesEditView.swift */; };
/* End PBXBuildFile section */

/* Begin PBXContainerItemProxy section */
		4B2F20F4284C23EA0092F677 /* PBXContainerItemProxy */ = {
			isa = PBXContainerItemProxy;
			containerPortal = 4B2F20DB284C23E90092F677 /* Project object */;
			proxyType = 1;
			remoteGlobalIDString = 4B2F20E2284C23E90092F677;
			remoteInfo = EasyB;
		};
		4B2F20FE284C23EB0092F677 /* PBXContainerItemProxy */ = {
			isa = PBXContainerItemProxy;
			containerPortal = 4B2F20DB284C23E90092F677 /* Project object */;
			proxyType = 1;
			remoteGlobalIDString = 4B2F20E2284C23E90092F677;
			remoteInfo = EasyB;
		};
/* End PBXContainerItemProxy section */

/* Begin PBXFileReference section */
		4B2F20E3284C23E90092F677 /* CashFlow.app */ = {isa = PBXFileReference; explicitFileType = wrapper.application; includeInIndex = 0; path = CashFlow.app; sourceTree = BUILT_PRODUCTS_DIR; };
		4B2F20E6284C23E90092F677 /* CashFlowApp.swift */ = {isa = PBXFileReference; lastKnownFileType = sourcecode.swift; path = CashFlowApp.swift; sourceTree = "<group>"; };
		4B2F20E8284C23E90092F677 /* HomeView.swift */ = {isa = PBXFileReference; lastKnownFileType = sourcecode.swift; path = HomeView.swift; sourceTree = "<group>"; };
		4B2F20EA284C23EA0092F677 /* Assets.xcassets */ = {isa = PBXFileReference; lastKnownFileType = folder.assetcatalog; path = Assets.xcassets; sourceTree = "<group>"; };
		4B2F20ED284C23EA0092F677 /* Preview Assets.xcassets */ = {isa = PBXFileReference; lastKnownFileType = folder.assetcatalog; path = "Preview Assets.xcassets"; sourceTree = "<group>"; };
		4B2F20F3284C23EA0092F677 /* CashFlowTests.xctest */ = {isa = PBXFileReference; explicitFileType = wrapper.cfbundle; includeInIndex = 0; path = CashFlowTests.xctest; sourceTree = BUILT_PRODUCTS_DIR; };
		4B2F20F7284C23EA0092F677 /* CashFlowTests.swift */ = {isa = PBXFileReference; lastKnownFileType = sourcecode.swift; path = CashFlowTests.swift; sourceTree = "<group>"; };
		4B2F20FD284C23EB0092F677 /* CashFlowUITests.xctest */ = {isa = PBXFileReference; explicitFileType = wrapper.cfbundle; includeInIndex = 0; path = CashFlowUITests.xctest; sourceTree = BUILT_PRODUCTS_DIR; };
		4B2F2101284C23EB0092F677 /* CashFlowUITests.swift */ = {isa = PBXFileReference; lastKnownFileType = sourcecode.swift; path = CashFlowUITests.swift; sourceTree = "<group>"; };
		4B2F2103284C23EB0092F677 /* CashFlowUITestsLaunchTests.swift */ = {isa = PBXFileReference; lastKnownFileType = sourcecode.swift; path = CashFlowUITestsLaunchTests.swift; sourceTree = "<group>"; };
		4B2F2113284C295F0092F677 /* VisualizedIncomeView.swift */ = {isa = PBXFileReference; lastKnownFileType = sourcecode.swift; path = VisualizedIncomeView.swift; sourceTree = "<group>"; };
		4B2F2115284C2D9F0092F677 /* BudgetInformation.swift */ = {isa = PBXFileReference; lastKnownFileType = sourcecode.swift; path = BudgetInformation.swift; sourceTree = "<group>"; };
		4B2F2117284C2E250092F677 /* Expense.swift */ = {isa = PBXFileReference; lastKnownFileType = sourcecode.swift; path = Expense.swift; sourceTree = "<group>"; };
		4B486996284DA37E0082818F /* ExpensesView.swift */ = {isa = PBXFileReference; lastKnownFileType = sourcecode.swift; path = ExpensesView.swift; sourceTree = "<group>"; };
		4B486998284DA48F0082818F /* ExpensesEditView.swift */ = {isa = PBXFileReference; lastKnownFileType = sourcecode.swift; path = ExpensesEditView.swift; sourceTree = "<group>"; };
/* End PBXFileReference section */

/* Begin PBXFrameworksBuildPhase section */
		4B2F20E0284C23E90092F677 /* Frameworks */ = {
			isa = PBXFrameworksBuildPhase;
			buildActionMask = 2147483647;
			files = (
			);
			runOnlyForDeploymentPostprocessing = 0;
		};
		4B2F20F0284C23EA0092F677 /* Frameworks */ = {
			isa = PBXFrameworksBuildPhase;
			buildActionMask = 2147483647;
			files = (
			);
			runOnlyForDeploymentPostprocessing = 0;
		};
		4B2F20FA284C23EB0092F677 /* Frameworks */ = {
			isa = PBXFrameworksBuildPhase;
			buildActionMask = 2147483647;
			files = (
			);
			runOnlyForDeploymentPostprocessing = 0;
		};
/* End PBXFrameworksBuildPhase section */

/* Begin PBXGroup section */
		4B2F20DA284C23E90092F677 = {
			isa = PBXGroup;
			children = (
				4B2F20E5284C23E90092F677 /* CashFlow */,
				4B2F20F6284C23EA0092F677 /* CashFlowTests */,
				4B2F2100284C23EB0092F677 /* CashFlowUITests */,
				4B2F20E4284C23E90092F677 /* Products */,
			);
			sourceTree = "<group>";
		};
		4B2F20E4284C23E90092F677 /* Products */ = {
			isa = PBXGroup;
			children = (
				4B2F20E3284C23E90092F677 /* CashFlow.app */,
				4B2F20F3284C23EA0092F677 /* CashFlowTests.xctest */,
				4B2F20FD284C23EB0092F677 /* CashFlowUITests.xctest */,
			);
			name = Products;
			sourceTree = "<group>";
		};
		4B2F20E5284C23E90092F677 /* CashFlow */ = {
			isa = PBXGroup;
			children = (
				4B2F2110284C24E30092F677 /* Models */,
				4B2F20E6284C23E90092F677 /* CashFlowApp.swift */,
				4B2F20E8284C23E90092F677 /* HomeView.swift */,
				4B2F20EA284C23EA0092F677 /* Assets.xcassets */,
				4B2F20EC284C23EA0092F677 /* Preview Content */,
				4B2F2113284C295F0092F677 /* VisualizedIncomeView.swift */,
				4B486996284DA37E0082818F /* ExpensesView.swift */,
				4B486998284DA48F0082818F /* ExpensesEditView.swift */,
			);
			path = CashFlow;
			sourceTree = "<group>";
		};
		4B2F20EC284C23EA0092F677 /* Preview Content */ = {
			isa = PBXGroup;
			children = (
				4B2F20ED284C23EA0092F677 /* Preview Assets.xcassets */,
			);
			path = "Preview Content";
			sourceTree = "<group>";
		};
		4B2F20F6284C23EA0092F677 /* CashFlowTests */ = {
			isa = PBXGroup;
			children = (
				4B2F20F7284C23EA0092F677 /* CashFlowTests.swift */,
			);
			path = CashFlowTests;
			sourceTree = "<group>";
		};
		4B2F2100284C23EB0092F677 /* CashFlowUITests */ = {
			isa = PBXGroup;
			children = (
				4B2F2101284C23EB0092F677 /* CashFlowUITests.swift */,
				4B2F2103284C23EB0092F677 /* CashFlowUITestsLaunchTests.swift */,
			);
			path = CashFlowUITests;
			sourceTree = "<group>";
		};
		4B2F2110284C24E30092F677 /* Models */ = {
			isa = PBXGroup;
			children = (
				4B2F2115284C2D9F0092F677 /* BudgetInformation.swift */,
				4B2F2117284C2E250092F677 /* Expense.swift */,
			);
			path = Models;
			sourceTree = "<group>";
		};
/* End PBXGroup section */

/* Begin PBXNativeTarget section */
		4B2F20E2284C23E90092F677 /* CashFlow */ = {
			isa = PBXNativeTarget;
			buildConfigurationList = 4B2F2107284C23EB0092F677 /* Build configuration list for PBXNativeTarget "CashFlow" */;
			buildPhases = (
				4B2F20DF284C23E90092F677 /* Sources */,
				4B2F20E0284C23E90092F677 /* Frameworks */,
				4B2F20E1284C23E90092F677 /* Resources */,
			);
			buildRules = (
			);
			dependencies = (
			);
			name = CashFlow;
			productName = EasyB;
			productReference = 4B2F20E3284C23E90092F677 /* CashFlow.app */;
			productType = "com.apple.product-type.application";
		};
		4B2F20F2284C23EA0092F677 /* CashFlowTests */ = {
			isa = PBXNativeTarget;
			buildConfigurationList = 4B2F210A284C23EB0092F677 /* Build configuration list for PBXNativeTarget "CashFlowTests" */;
			buildPhases = (
				4B2F20EF284C23EA0092F677 /* Sources */,
				4B2F20F0284C23EA0092F677 /* Frameworks */,
				4B2F20F1284C23EA0092F677 /* Resources */,
			);
			buildRules = (
			);
			dependencies = (
				4B2F20F5284C23EA0092F677 /* PBXTargetDependency */,
			);
			name = CashFlowTests;
			productName = EasyBTests;
			productReference = 4B2F20F3284C23EA0092F677 /* CashFlowTests.xctest */;
			productType = "com.apple.product-type.bundle.unit-test";
		};
		4B2F20FC284C23EB0092F677 /* CashFlowUITests */ = {
			isa = PBXNativeTarget;
			buildConfigurationList = 4B2F210D284C23EB0092F677 /* Build configuration list for PBXNativeTarget "CashFlowUITests" */;
			buildPhases = (
				4B2F20F9284C23EB0092F677 /* Sources */,
				4B2F20FA284C23EB0092F677 /* Frameworks */,
				4B2F20FB284C23EB0092F677 /* Resources */,
			);
			buildRules = (
			);
			dependencies = (
				4B2F20FF284C23EB0092F677 /* PBXTargetDependency */,
			);
			name = CashFlowUITests;
			productName = EasyBUITests;
			productReference = 4B2F20FD284C23EB0092F677 /* CashFlowUITests.xctest */;
			productType = "com.apple.product-type.bundle.ui-testing";
		};
/* End PBXNativeTarget section */

/* Begin PBXProject section */
		4B2F20DB284C23E90092F677 /* Project object */ = {
			isa = PBXProject;
			attributes = {
				BuildIndependentTargetsInParallel = 1;
				LastSwiftUpdateCheck = 1340;
				LastUpgradeCheck = 1340;
				TargetAttributes = {
					4B2F20E2284C23E90092F677 = {
						CreatedOnToolsVersion = 13.4.1;
					};
					4B2F20F2284C23EA0092F677 = {
						CreatedOnToolsVersion = 13.4.1;
						TestTargetID = 4B2F20E2284C23E90092F677;
					};
					4B2F20FC284C23EB0092F677 = {
						CreatedOnToolsVersion = 13.4.1;
						TestTargetID = 4B2F20E2284C23E90092F677;
					};
				};
			};
			buildConfigurationList = 4B2F20DE284C23E90092F677 /* Build configuration list for PBXProject "CashFlow" */;
			compatibilityVersion = "Xcode 13.0";
			developmentRegion = en;
			hasScannedForEncodings = 0;
			knownRegions = (
				en,
				Base,
			);
			mainGroup = 4B2F20DA284C23E90092F677;
			productRefGroup = 4B2F20E4284C23E90092F677 /* Products */;
			projectDirPath = "";
			projectRoot = "";
			targets = (
				4B2F20E2284C23E90092F677 /* CashFlow */,
				4B2F20F2284C23EA0092F677 /* CashFlowTests */,
				4B2F20FC284C23EB0092F677 /* CashFlowUITests */,
			);
		};
/* End PBXProject section */

/* Begin PBXResourcesBuildPhase section */
		4B2F20E1284C23E90092F677 /* Resources */ = {
			isa = PBXResourcesBuildPhase;
			buildActionMask = 2147483647;
			files = (
				4B2F20EE284C23EA0092F677 /* Preview Assets.xcassets in Resources */,
				4B2F20EB284C23EA0092F677 /* Assets.xcassets in Resources */,
			);
			runOnlyForDeploymentPostprocessing = 0;
		};
		4B2F20F1284C23EA0092F677 /* Resources */ = {
			isa = PBXResourcesBuildPhase;
			buildActionMask = 2147483647;
			files = (
			);
			runOnlyForDeploymentPostprocessing = 0;
		};
		4B2F20FB284C23EB0092F677 /* Resources */ = {
			isa = PBXResourcesBuildPhase;
			buildActionMask = 2147483647;
			files = (
			);
			runOnlyForDeploymentPostprocessing = 0;
		};
/* End PBXResourcesBuildPhase section */

/* Begin PBXSourcesBuildPhase section */
		4B2F20DF284C23E90092F677 /* Sources */ = {
			isa = PBXSourcesBuildPhase;
			buildActionMask = 2147483647;
			files = (
				4B486999284DA48F0082818F /* ExpensesEditView.swift in Sources */,
				4B2F20E9284C23E90092F677 /* HomeView.swift in Sources */,
				4B486997284DA37E0082818F /* ExpensesView.swift in Sources */,
				4B2F20E7284C23E90092F677 /* CashFlowApp.swift in Sources */,
				4B2F2114284C295F0092F677 /* VisualizedIncomeView.swift in Sources */,
				4B2F2116284C2D9F0092F677 /* BudgetInformation.swift in Sources */,
				4B2F2118284C2E250092F677 /* Expense.swift in Sources */,
			);
			runOnlyForDeploymentPostprocessing = 0;
		};
		4B2F20EF284C23EA0092F677 /* Sources */ = {
			isa = PBXSourcesBuildPhase;
			buildActionMask = 2147483647;
			files = (
				4B2F20F8284C23EA0092F677 /* CashFlowTests.swift in Sources */,
			);
			runOnlyForDeploymentPostprocessing = 0;
		};
		4B2F20F9284C23EB0092F677 /* Sources */ = {
			isa = PBXSourcesBuildPhase;
			buildActionMask = 2147483647;
			files = (
				4B2F2102284C23EB0092F677 /* CashFlowUITests.swift in Sources */,
				4B2F2104284C23EB0092F677 /* CashFlowUITestsLaunchTests.swift in Sources */,
			);
			runOnlyForDeploymentPostprocessing = 0;
		};
/* End PBXSourcesBuildPhase section */

/* Begin PBXTargetDependency section */
		4B2F20F5284C23EA0092F677 /* PBXTargetDependency */ = {
			isa = PBXTargetDependency;
			target = 4B2F20E2284C23E90092F677 /* CashFlow */;
			targetProxy = 4B2F20F4284C23EA0092F677 /* PBXContainerItemProxy */;
		};
		4B2F20FF284C23EB0092F677 /* PBXTargetDependency */ = {
			isa = PBXTargetDependency;
			target = 4B2F20E2284C23E90092F677 /* CashFlow */;
			targetProxy = 4B2F20FE284C23EB0092F677 /* PBXContainerItemProxy */;
		};
/* End PBXTargetDependency section */

/* Begin XCBuildConfiguration section */
		4B2F2105284C23EB0092F677 /* Debug */ = {
			isa = XCBuildConfiguration;
			buildSettings = {
				ALWAYS_SEARCH_USER_PATHS = NO;
				CLANG_ANALYZER_NONNULL = YES;
				CLANG_ANALYZER_NUMBER_OBJECT_CONVERSION = YES_AGGRESSIVE;
				CLANG_CXX_LANGUAGE_STANDARD = "gnu++17";
				CLANG_ENABLE_MODULES = YES;
				CLANG_ENABLE_OBJC_ARC = YES;
				CLANG_ENABLE_OBJC_WEAK = YES;
				CLANG_WARN_BLOCK_CAPTURE_AUTORELEASING = YES;
				CLANG_WARN_BOOL_CONVERSION = YES;
				CLANG_WARN_COMMA = YES;
				CLANG_WARN_CONSTANT_CONVERSION = YES;
				CLANG_WARN_DEPRECATED_OBJC_IMPLEMENTATIONS = YES;
				CLANG_WARN_DIRECT_OBJC_ISA_USAGE = YES_ERROR;
				CLANG_WARN_DOCUMENTATION_COMMENTS = YES;
				CLANG_WARN_EMPTY_BODY = YES;
				CLANG_WARN_ENUM_CONVERSION = YES;
				CLANG_WARN_INFINITE_RECURSION = YES;
				CLANG_WARN_INT_CONVERSION = YES;
				CLANG_WARN_NON_LITERAL_NULL_CONVERSION = YES;
				CLANG_WARN_OBJC_IMPLICIT_RETAIN_SELF = YES;
				CLANG_WARN_OBJC_LITERAL_CONVERSION = YES;
				CLANG_WARN_OBJC_ROOT_CLASS = YES_ERROR;
				CLANG_WARN_QUOTED_INCLUDE_IN_FRAMEWORK_HEADER = YES;
				CLANG_WARN_RANGE_LOOP_ANALYSIS = YES;
				CLANG_WARN_STRICT_PROTOTYPES = YES;
				CLANG_WARN_SUSPICIOUS_MOVE = YES;
				CLANG_WARN_UNGUARDED_AVAILABILITY = YES_AGGRESSIVE;
				CLANG_WARN_UNREACHABLE_CODE = YES;
				CLANG_WARN__DUPLICATE_METHOD_MATCH = YES;
				COPY_PHASE_STRIP = NO;
				DEBUG_INFORMATION_FORMAT = dwarf;
				ENABLE_STRICT_OBJC_MSGSEND = YES;
				ENABLE_TESTABILITY = YES;
				GCC_C_LANGUAGE_STANDARD = gnu11;
				GCC_DYNAMIC_NO_PIC = NO;
				GCC_NO_COMMON_BLOCKS = YES;
				GCC_OPTIMIZATION_LEVEL = 0;
				GCC_PREPROCESSOR_DEFINITIONS = (
					"DEBUG=1",
					"$(inherited)",
				);
				GCC_WARN_64_TO_32_BIT_CONVERSION = YES;
				GCC_WARN_ABOUT_RETURN_TYPE = YES_ERROR;
				GCC_WARN_UNDECLARED_SELECTOR = YES;
				GCC_WARN_UNINITIALIZED_AUTOS = YES_AGGRESSIVE;
				GCC_WARN_UNUSED_FUNCTION = YES;
				GCC_WARN_UNUSED_VARIABLE = YES;
				IPHONEOS_DEPLOYMENT_TARGET = 15.5;
				MTL_ENABLE_DEBUG_INFO = INCLUDE_SOURCE;
				MTL_FAST_MATH = YES;
				ONLY_ACTIVE_ARCH = YES;
				SDKROOT = iphoneos;
				SWIFT_ACTIVE_COMPILATION_CONDITIONS = DEBUG;
				SWIFT_OPTIMIZATION_LEVEL = "-Onone";
			};
			name = Debug;
		};
		4B2F2106284C23EB0092F677 /* Release */ = {
			isa = XCBuildConfiguration;
			buildSettings = {
				ALWAYS_SEARCH_USER_PATHS = NO;
				CLANG_ANALYZER_NONNULL = YES;
				CLANG_ANALYZER_NUMBER_OBJECT_CONVERSION = YES_AGGRESSIVE;
				CLANG_CXX_LANGUAGE_STANDARD = "gnu++17";
				CLANG_ENABLE_MODULES = YES;
				CLANG_ENABLE_OBJC_ARC = YES;
				CLANG_ENABLE_OBJC_WEAK = YES;
				CLANG_WARN_BLOCK_CAPTURE_AUTORELEASING = YES;
				CLANG_WARN_BOOL_CONVERSION = YES;
				CLANG_WARN_COMMA = YES;
				CLANG_WARN_CONSTANT_CONVERSION = YES;
				CLANG_WARN_DEPRECATED_OBJC_IMPLEMENTATIONS = YES;
				CLANG_WARN_DIRECT_OBJC_ISA_USAGE = YES_ERROR;
				CLANG_WARN_DOCUMENTATION_COMMENTS = YES;
				CLANG_WARN_EMPTY_BODY = YES;
				CLANG_WARN_ENUM_CONVERSION = YES;
				CLANG_WARN_INFINITE_RECURSION = YES;
				CLANG_WARN_INT_CONVERSION = YES;
				CLANG_WARN_NON_LITERAL_NULL_CONVERSION = YES;
				CLANG_WARN_OBJC_IMPLICIT_RETAIN_SELF = YES;
				CLANG_WARN_OBJC_LITERAL_CONVERSION = YES;
				CLANG_WARN_OBJC_ROOT_CLASS = YES_ERROR;
				CLANG_WARN_QUOTED_INCLUDE_IN_FRAMEWORK_HEADER = YES;
				CLANG_WARN_RANGE_LOOP_ANALYSIS = YES;
				CLANG_WARN_STRICT_PROTOTYPES = YES;
				CLANG_WARN_SUSPICIOUS_MOVE = YES;
				CLANG_WARN_UNGUARDED_AVAILABILITY = YES_AGGRESSIVE;
				CLANG_WARN_UNREACHABLE_CODE = YES;
				CLANG_WARN__DUPLICATE_METHOD_MATCH = YES;
				COPY_PHASE_STRIP = NO;
				DEBUG_INFORMATION_FORMAT = "dwarf-with-dsym";
				ENABLE_NS_ASSERTIONS = NO;
				ENABLE_STRICT_OBJC_MSGSEND = YES;
				GCC_C_LANGUAGE_STANDARD = gnu11;
				GCC_NO_COMMON_BLOCKS = YES;
				GCC_WARN_64_TO_32_BIT_CONVERSION = YES;
				GCC_WARN_ABOUT_RETURN_TYPE = YES_ERROR;
				GCC_WARN_UNDECLARED_SELECTOR = YES;
				GCC_WARN_UNINITIALIZED_AUTOS = YES_AGGRESSIVE;
				GCC_WARN_UNUSED_FUNCTION = YES;
				GCC_WARN_UNUSED_VARIABLE = YES;
				IPHONEOS_DEPLOYMENT_TARGET = 15.5;
				MTL_ENABLE_DEBUG_INFO = NO;
				MTL_FAST_MATH = YES;
				SDKROOT = iphoneos;
				SWIFT_COMPILATION_MODE = wholemodule;
				SWIFT_OPTIMIZATION_LEVEL = "-O";
				VALIDATE_PRODUCT = YES;
			};
			name = Release;
		};
		4B2F2108284C23EB0092F677 /* Debug */ = {
			isa = XCBuildConfiguration;
			buildSettings = {
				ASSETCATALOG_COMPILER_APPICON_NAME = AppIcon;
				ASSETCATALOG_COMPILER_GLOBAL_ACCENT_COLOR_NAME = AccentColor;
				CODE_SIGN_STYLE = Automatic;
				CURRENT_PROJECT_VERSION = 1;
				DEVELOPMENT_ASSET_PATHS = "\"CashFlow/Preview Content\"";
				DEVELOPMENT_TEAM = U6W3FKT977;
				ENABLE_PREVIEWS = YES;
				GENERATE_INFOPLIST_FILE = YES;
				INFOPLIST_KEY_UIApplicationSceneManifest_Generation = YES;
				INFOPLIST_KEY_UIApplicationSupportsIndirectInputEvents = YES;
				INFOPLIST_KEY_UILaunchScreen_Generation = YES;
				INFOPLIST_KEY_UISupportedInterfaceOrientations_iPad = "UIInterfaceOrientationPortrait UIInterfaceOrientationPortraitUpsideDown UIInterfaceOrientationLandscapeLeft UIInterfaceOrientationLandscapeRight";
				INFOPLIST_KEY_UISupportedInterfaceOrientations_iPhone = "UIInterfaceOrientationPortrait UIInterfaceOrientationLandscapeLeft UIInterfaceOrientationLandscapeRight";
				LD_RUNPATH_SEARCH_PATHS = (
					"$(inherited)",
					"@executable_path/Frameworks",
				);
				MARKETING_VERSION = 1.0;
				PRODUCT_BUNDLE_IDENTIFIER = MSIOS.EasyB;
				PRODUCT_NAME = CashFlow;
				SWIFT_EMIT_LOC_STRINGS = YES;
				SWIFT_VERSION = 5.0;
				TARGETED_DEVICE_FAMILY = "1,2";
			};
			name = Debug;
		};
		4B2F2109284C23EB0092F677 /* Release */ = {
			isa = XCBuildConfiguration;
			buildSettings = {
				ASSETCATALOG_COMPILER_APPICON_NAME = AppIcon;
				ASSETCATALOG_COMPILER_GLOBAL_ACCENT_COLOR_NAME = AccentColor;
				CODE_SIGN_STYLE = Automatic;
				CURRENT_PROJECT_VERSION = 1;
				DEVELOPMENT_ASSET_PATHS = "\"CashFlow/Preview Content\"";
				DEVELOPMENT_TEAM = U6W3FKT977;
				ENABLE_PREVIEWS = YES;
				GENERATE_INFOPLIST_FILE = YES;
				INFOPLIST_KEY_UIApplicationSceneManifest_Generation = YES;
				INFOPLIST_KEY_UIApplicationSupportsIndirectInputEvents = YES;
				INFOPLIST_KEY_UILaunchScreen_Generation = YES;
				INFOPLIST_KEY_UISupportedInterfaceOrientations_iPad = "UIInterfaceOrientationPortrait UIInterfaceOrientationPortraitUpsideDown UIInterfaceOrientationLandscapeLeft UIInterfaceOrientationLandscapeRight";
				INFOPLIST_KEY_UISupportedInterfaceOrientations_iPhone = "UIInterfaceOrientationPortrait UIInterfaceOrientationLandscapeLeft UIInterfaceOrientationLandscapeRight";
				LD_RUNPATH_SEARCH_PATHS = (
					"$(inherited)",
					"@executable_path/Frameworks",
				);
				MARKETING_VERSION = 1.0;
				PRODUCT_BUNDLE_IDENTIFIER = MSIOS.EasyB;
				PRODUCT_NAME = CashFlow;
				SWIFT_EMIT_LOC_STRINGS = YES;
				SWIFT_VERSION = 5.0;
				TARGETED_DEVICE_FAMILY = "1,2";
			};
			name = Release;
		};
		4B2F210B284C23EB0092F677 /* Debug */ = {
			isa = XCBuildConfiguration;
			buildSettings = {
				ALWAYS_EMBED_SWIFT_STANDARD_LIBRARIES = YES;
				BUNDLE_LOADER = "$(TEST_HOST)";
				CODE_SIGN_STYLE = Automatic;
				CURRENT_PROJECT_VERSION = 1;
				DEVELOPMENT_TEAM = U6W3FKT977;
				GENERATE_INFOPLIST_FILE = YES;
				IPHONEOS_DEPLOYMENT_TARGET = 15.5;
				MARKETING_VERSION = 1.0;
				PRODUCT_BUNDLE_IDENTIFIER = MSIOS.EasyBTests;
				PRODUCT_NAME = "$(TARGET_NAME)";
				SWIFT_EMIT_LOC_STRINGS = NO;
				SWIFT_VERSION = 5.0;
				TARGETED_DEVICE_FAMILY = "1,2";
				TEST_HOST = "$(BUILT_PRODUCTS_DIR)/CashFlow.app/CashFlow";
			};
			name = Debug;
		};
		4B2F210C284C23EB0092F677 /* Release */ = {
			isa = XCBuildConfiguration;
			buildSettings = {
				ALWAYS_EMBED_SWIFT_STANDARD_LIBRARIES = YES;
				BUNDLE_LOADER = "$(TEST_HOST)";
				CODE_SIGN_STYLE = Automatic;
				CURRENT_PROJECT_VERSION = 1;
				DEVELOPMENT_TEAM = U6W3FKT977;
				GENERATE_INFOPLIST_FILE = YES;
				IPHONEOS_DEPLOYMENT_TARGET = 15.5;
				MARKETING_VERSION = 1.0;
				PRODUCT_BUNDLE_IDENTIFIER = MSIOS.EasyBTests;
				PRODUCT_NAME = "$(TARGET_NAME)";
				SWIFT_EMIT_LOC_STRINGS = NO;
				SWIFT_VERSION = 5.0;
				TARGETED_DEVICE_FAMILY = "1,2";
				TEST_HOST = "$(BUILT_PRODUCTS_DIR)/CashFlow.app/CashFlow";
			};
			name = Release;
		};
		4B2F210E284C23EB0092F677 /* Debug */ = {
			isa = XCBuildConfiguration;
			buildSettings = {
				ALWAYS_EMBED_SWIFT_STANDARD_LIBRARIES = YES;
				CODE_SIGN_STYLE = Automatic;
				CURRENT_PROJECT_VERSION = 1;
				DEVELOPMENT_TEAM = U6W3FKT977;
				GENERATE_INFOPLIST_FILE = YES;
				MARKETING_VERSION = 1.0;
				PRODUCT_BUNDLE_IDENTIFIER = MSIOS.EasyBUITests;
				PRODUCT_NAME = "$(TARGET_NAME)";
				SWIFT_EMIT_LOC_STRINGS = NO;
				SWIFT_VERSION = 5.0;
				TARGETED_DEVICE_FAMILY = "1,2";
				TEST_TARGET_NAME = EasyB;
			};
			name = Debug;
		};
		4B2F210F284C23EB0092F677 /* Release */ = {
			isa = XCBuildConfiguration;
			buildSettings = {
				ALWAYS_EMBED_SWIFT_STANDARD_LIBRARIES = YES;
				CODE_SIGN_STYLE = Automatic;
				CURRENT_PROJECT_VERSION = 1;
				DEVELOPMENT_TEAM = U6W3FKT977;
				GENERATE_INFOPLIST_FILE = YES;
				MARKETING_VERSION = 1.0;
				PRODUCT_BUNDLE_IDENTIFIER = MSIOS.EasyBUITests;
				PRODUCT_NAME = "$(TARGET_NAME)";
				SWIFT_EMIT_LOC_STRINGS = NO;
				SWIFT_VERSION = 5.0;
				TARGETED_DEVICE_FAMILY = "1,2";
				TEST_TARGET_NAME = EasyB;
			};
			name = Release;
		};
/* End XCBuildConfiguration section */

/* Begin XCConfigurationList section */
		4B2F20DE284C23E90092F677 /* Build configuration list for PBXProject "CashFlow" */ = {
			isa = XCConfigurationList;
			buildConfigurations = (
				4B2F2105284C23EB0092F677 /* Debug */,
				4B2F2106284C23EB0092F677 /* Release */,
			);
			defaultConfigurationIsVisible = 0;
			defaultConfigurationName = Release;
		};
		4B2F2107284C23EB0092F677 /* Build configuration list for PBXNativeTarget "CashFlow" */ = {
			isa = XCConfigurationList;
			buildConfigurations = (
				4B2F2108284C23EB0092F677 /* Debug */,
				4B2F2109284C23EB0092F677 /* Release */,
			);
			defaultConfigurationIsVisible = 0;
			defaultConfigurationName = Release;
		};
		4B2F210A284C23EB0092F677 /* Build configuration list for PBXNativeTarget "CashFlowTests" */ = {
			isa = XCConfigurationList;
			buildConfigurations = (
				4B2F210B284C23EB0092F677 /* Debug */,
				4B2F210C284C23EB0092F677 /* Release */,
			);
			defaultConfigurationIsVisible = 0;
			defaultConfigurationName = Release;
		};
		4B2F210D284C23EB0092F677 /* Build configuration list for PBXNativeTarget "CashFlowUITests" */ = {
			isa = XCConfigurationList;
			buildConfigurations = (
				4B2F210E284C23EB0092F677 /* Debug */,
				4B2F210F284C23EB0092F677 /* Release */,
			);
			defaultConfigurationIsVisible = 0;
			defaultConfigurationName = Release;
		};
/* End XCConfigurationList section */
	};
	rootObject = 4B2F20DB284C23E90092F677 /* Project object */;
}
